
Microsoft Visual Studio Solution File, Format Version 12.00
# Visual Studio Version 17
VisualStudioVersion = 17.5.33414.496
MinimumVisualStudioVersion = 10.0.40219.1
Project("{9A19103F-16F7-4668-BE54-9A1E7A4F7556}") = "DataAccess", "DataAccess\DataAccess.csproj", "{49FBDE3C-74DF-49A7-8AED-EF6F6932FA6A}"
EndProject
Project("{9A19103F-16F7-4668-BE54-9A1E7A4F7556}") = "Entities", "Entities\Entities.csproj", "{97CDE9D3-20FA-42DC-BAAC-AF9DFE9134B8}"
EndProject
Project("{9A19103F-16F7-4668-BE54-9A1E7A4F7556}") = "Core", "Core\Core.csproj", "{3BE8DDD5-0552-4CA0-9514-878F39BC3E26}"
EndProject
Project("{9A19103F-16F7-4668-BE54-9A1E7A4F7556}") = "WebAPI", "WebAPI\WebAPI.csproj", "{DD46B57B-01CB-46C7-AD4B-D84DE4C562FD}"
EndProject
Project("{9A19103F-16F7-4668-BE54-9A1E7A4F7556}") = "Test", "Test\Test.csproj", "{3BF50F4E-142F-4725-800B-8D876DA77E3E}"
EndProject
Project("{FAE04EC0-301F-11D3-BF4B-00C04F79EFBC}") = "Business", "Business\Business.csproj", "{2EC58B55-281E-4B76-AEE0-583BE38D8798}"
EndProject
Project("{00D1A9C2-B5F0-4AF3-8072-F6C62B433612}") = "ProductDB", "ProductDB\ProductDB.sqlproj", "{A2BD7BA6-EAC6-4DC9-962A-0FD4F06A9517}"
EndProject
Global
	GlobalSection(SolutionConfigurationPlatforms) = preSolution
		Debug|Any CPU = Debug|Any CPU
		Release|Any CPU = Release|Any CPU
	EndGlobalSection
	GlobalSection(ProjectConfigurationPlatforms) = postSolution
		{49FBDE3C-74DF-49A7-8AED-EF6F6932FA6A}.Debug|Any CPU.ActiveCfg = Debug|Any CPU
		{49FBDE3C-74DF-49A7-8AED-EF6F6932FA6A}.Debug|Any CPU.Build.0 = Debug|Any CPU
		{49FBDE3C-74DF-49A7-8AED-EF6F6932FA6A}.Release|Any CPU.ActiveCfg = Release|Any CPU
		{49FBDE3C-74DF-49A7-8AED-EF6F6932FA6A}.Release|Any CPU.Build.0 = Release|Any CPU
		{97CDE9D3-20FA-42DC-BAAC-AF9DFE9134B8}.Debug|Any CPU.ActiveCfg = Debug|Any CPU
		{97CDE9D3-20FA-42DC-BAAC-AF9DFE9134B8}.Debug|Any CPU.Build.0 = Debug|Any CPU
		{97CDE9D3-20FA-42DC-BAAC-AF9DFE9134B8}.Release|Any CPU.ActiveCfg = Release|Any CPU
		{97CDE9D3-20FA-42DC-BAAC-AF9DFE9134B8}.Release|Any CPU.Build.0 = Release|Any CPU
		{3BE8DDD5-0552-4CA0-9514-878F39BC3E26}.Debug|Any CPU.ActiveCfg = Debug|Any CPU
		{3BE8DDD5-0552-4CA0-9514-878F39BC3E26}.Debug|Any CPU.Build.0 = Debug|Any CPU
		{3BE8DDD5-0552-4CA0-9514-878F39BC3E26}.Release|Any CPU.ActiveCfg = Release|Any CPU
		{3BE8DDD5-0552-4CA0-9514-878F39BC3E26}.Release|Any CPU.Build.0 = Release|Any CPU
		{DD46B57B-01CB-46C7-AD4B-D84DE4C562FD}.Debug|Any CPU.ActiveCfg = Debug|Any CPU
		{DD46B57B-01CB-46C7-AD4B-D84DE4C562FD}.Debug|Any CPU.Build.0 = Debug|Any CPU
		{DD46B57B-01CB-46C7-AD4B-D84DE4C562FD}.Release|Any CPU.ActiveCfg = Release|Any CPU
		{DD46B57B-01CB-46C7-AD4B-D84DE4C562FD}.Release|Any CPU.Build.0 = Release|Any CPU
		{3BF50F4E-142F-4725-800B-8D876DA77E3E}.Debug|Any CPU.ActiveCfg = Debug|Any CPU
		{3BF50F4E-142F-4725-800B-8D876DA77E3E}.Debug|Any CPU.Build.0 = Debug|Any CPU
		{3BF50F4E-142F-4725-800B-8D876DA77E3E}.Release|Any CPU.ActiveCfg = Release|Any CPU
		{3BF50F4E-142F-4725-800B-8D876DA77E3E}.Release|Any CPU.Build.0 = Release|Any CPU
		{2EC58B55-281E-4B76-AEE0-583BE38D8798}.Debug|Any CPU.ActiveCfg = Debug|Any CPU
		{2EC58B55-281E-4B76-AEE0-583BE38D8798}.Debug|Any CPU.Build.0 = Debug|Any CPU
		{2EC58B55-281E-4B76-AEE0-583BE38D8798}.Release|Any CPU.ActiveCfg = Release|Any CPU
		{2EC58B55-281E-4B76-AEE0-583BE38D8798}.Release|Any CPU.Build.0 = Release|Any CPU
		{A2BD7BA6-EAC6-4DC9-962A-0FD4F06A9517}.Debug|Any CPU.ActiveCfg = Debug|Any CPU
		{A2BD7BA6-EAC6-4DC9-962A-0FD4F06A9517}.Debug|Any CPU.Build.0 = Debug|Any CPU
		{A2BD7BA6-EAC6-4DC9-962A-0FD4F06A9517}.Debug|Any CPU.Deploy.0 = Debug|Any CPU
		{A2BD7BA6-EAC6-4DC9-962A-0FD4F06A9517}.Release|Any CPU.ActiveCfg = Release|Any CPU
		{A2BD7BA6-EAC6-4DC9-962A-0FD4F06A9517}.Release|Any CPU.Build.0 = Release|Any CPU
		{A2BD7BA6-EAC6-4DC9-962A-0FD4F06A9517}.Release|Any CPU.Deploy.0 = Release|Any CPU
	EndGlobalSection
	GlobalSection(SolutionProperties) = preSolution
		HideSolutionNode = FALSE
	EndGlobalSection
	GlobalSection(ExtensibilityGlobals) = postSolution
		SolutionGuid = {72731B76-5AF2-4486-9A3D-320703190ED6}
	EndGlobalSection
EndGlobal
